{
  "nodes": {
    "linux_6_14_first_bad_7460b470a131_src": {
      "flake": false,
      "locked": {
        "lastModified": 1742274420,
        "narHash": "sha256-JDC2Bs5vJldHzBV4/qzWci4IAJ8oAqx+qJ9dYemvYpk=",
        "type": "tarball",
        "url": "https://git.kernel.org/pub/scm/linux/kernel/git/torvalds/linux.git/snapshot/linux-7460b470a131f985a70302a322617121efdd7caa.tar.gz"
      },
      "original": {
        "type": "tarball",
        "url": "https://git.kernel.org/pub/scm/linux/kernel/git/torvalds/linux.git/snapshot/linux-7460b470a131f985a70302a322617121efdd7caa.tar.gz"
      }
    },
    "linux_6_14_last_good_4b94c18d1519_src": {
      "flake": false,
      "locked": {
        "lastModified": 1742274420,
        "narHash": "sha256-uLYpBNTY74yglCPgpkTS4vGe7Oveyr+h5fDQnqHIrtc=",
        "type": "tarball",
        "url": "https://git.kernel.org/pub/scm/linux/kernel/git/torvalds/linux.git/snapshot/linux-4b94c18d15199658f1a86231663e97d3cc12d8de.tar.gz"
      },
      "original": {
        "type": "tarball",
        "url": "https://git.kernel.org/pub/scm/linux/kernel/git/torvalds/linux.git/snapshot/linux-4b94c18d15199658f1a86231663e97d3cc12d8de.tar.gz"
      }
    },
    "linux_7_0_rc1_src": {
      "flake": false,
      "locked": {
        "lastModified": 1771795139,
        "narHash": "sha256-hNy6PqRmfRssC7hNCzMAUKOq5PMrVIHxMDaZM6Yz3+A=",
        "type": "tarball",
        "url": "https://git.kernel.org/torvalds/t/linux-7.0-rc1.tar.gz"
      },
      "original": {
        "type": "tarball",
        "url": "https://git.kernel.org/torvalds/t/linux-7.0-rc1.tar.gz"
      }
    },
    "nixpkgs": {
      "locked": {
        "lastModified": 1735651292,
        "narHash": "sha256-YLbzcBtYo1/FEzFsB3AnM16qFc6fWPMIoOuSoDwvg9g=",
        "owner": "nixos",
        "repo": "nixpkgs",
        "rev": "0da3c44a9460a26d2025ec3ed2ec60a895eb1114",
        "type": "github"
      },
      "original": {
        "owner": "nixos",
        "ref": "release-24.05",
        "repo": "nixpkgs",
        "type": "github"
      }
    },
    "root": {
      "inputs": {
        "linux_6_14_first_bad_7460b470a131_src": "linux_6_14_first_bad_7460b470a131_src",
        "linux_6_14_last_good_4b94c18d1519_src": "linux_6_14_last_good_4b94c18d1519_src",
        "linux_7_0_rc1_src": "linux_7_0_rc1_src",
        "nixpkgs": "nixpkgs"
      }
    }
  },
  "root": "root",
  "version": 7
}
